
Microsoft Visual Studio Solution File, Format Version 12.00
# Visual Studio 2012
Project("{FAE04EC0-301F-11D3-BF4B-00C04F79EFBC}") = "Shinetech.TianJin.AutomationService.Core", "src\Shinetech.TianJin.AutomationService.Core\Shinetech.TianJin.AutomationService.Core.csproj", "{1696446B-04BA-48D1-A297-13084F455A73}"
EndProject
Project("{FAE04EC0-301F-11D3-BF4B-00C04F79EFBC}") = "Shinetech.TianJin.AutomationService", "src\Shinetech.TianJin.AutomationService\Shinetech.TianJin.AutomationService.csproj", "{66E303DE-D1F8-4235-A892-67A636A3AE0B}"
EndProject
Project("{2150E333-8FDC-42A3-9474-1A3956D46DE8}") = "Addins", "Addins", "{4B6CC109-23D7-4ABB-A9E8-EA8220249A05}"
EndProject
Project("{930C7802-8A8C-48F9-8165-68863BCCD9DD}") = "Shinetech.TianJin.AutomationService.Setup", "src\Shinetech.TianJin.AutomationService.Setup\Shinetech.TianJin.AutomationService.Setup.wixproj", "{AB2A7769-56C5-4E20-94F6-672303E9C7AD}"
EndProject
Project("{FAE04EC0-301F-11D3-BF4B-00C04F79EFBC}") = "Shinetech.TianJin.AutomationService.SlotInterface", "src\Shinetech.TianJin.AutomationService.SlotInterface\Shinetech.TianJin.AutomationService.SlotInterface.csproj", "{37F7D461-B25D-40B9-9E08-E5D1762F129F}"
EndProject
Global
	GlobalSection(SolutionConfigurationPlatforms) = preSolution
		Debug|Any CPU = Debug|Any CPU
		Debug|Mixed Platforms = Debug|Mixed Platforms
		Debug|x86 = Debug|x86
		Release|Any CPU = Release|Any CPU
		Release|Mixed Platforms = Release|Mixed Platforms
		Release|x86 = Release|x86
	EndGlobalSection
	GlobalSection(ProjectConfigurationPlatforms) = postSolution
		{1696446B-04BA-48D1-A297-13084F455A73}.Debug|Any CPU.ActiveCfg = Debug|Any CPU
		{1696446B-04BA-48D1-A297-13084F455A73}.Debug|Any CPU.Build.0 = Debug|Any CPU
		{1696446B-04BA-48D1-A297-13084F455A73}.Debug|Mixed Platforms.ActiveCfg = Debug|Any CPU
		{1696446B-04BA-48D1-A297-13084F455A73}.Debug|Mixed Platforms.Build.0 = Debug|Any CPU
		{1696446B-04BA-48D1-A297-13084F455A73}.Debug|x86.ActiveCfg = Debug|Any CPU
		{1696446B-04BA-48D1-A297-13084F455A73}.Release|Any CPU.ActiveCfg = Release|Any CPU
		{1696446B-04BA-48D1-A297-13084F455A73}.Release|Any CPU.Build.0 = Release|Any CPU
		{1696446B-04BA-48D1-A297-13084F455A73}.Release|Mixed Platforms.ActiveCfg = Release|Any CPU
		{1696446B-04BA-48D1-A297-13084F455A73}.Release|Mixed Platforms.Build.0 = Release|Any CPU
		{1696446B-04BA-48D1-A297-13084F455A73}.Release|x86.ActiveCfg = Release|Any CPU
		{66E303DE-D1F8-4235-A892-67A636A3AE0B}.Debug|Any CPU.ActiveCfg = Debug|Any CPU
		{66E303DE-D1F8-4235-A892-67A636A3AE0B}.Debug|Any CPU.Build.0 = Debug|Any CPU
		{66E303DE-D1F8-4235-A892-67A636A3AE0B}.Debug|Mixed Platforms.ActiveCfg = Debug|Any CPU
		{66E303DE-D1F8-4235-A892-67A636A3AE0B}.Debug|Mixed Platforms.Build.0 = Debug|Any CPU
		{66E303DE-D1F8-4235-A892-67A636A3AE0B}.Debug|x86.ActiveCfg = Debug|Any CPU
		{66E303DE-D1F8-4235-A892-67A636A3AE0B}.Release|Any CPU.ActiveCfg = Release|Any CPU
		{66E303DE-D1F8-4235-A892-67A636A3AE0B}.Release|Any CPU.Build.0 = Release|Any CPU
		{66E303DE-D1F8-4235-A892-67A636A3AE0B}.Release|Mixed Platforms.ActiveCfg = Release|Any CPU
		{66E303DE-D1F8-4235-A892-67A636A3AE0B}.Release|Mixed Platforms.Build.0 = Release|Any CPU
		{66E303DE-D1F8-4235-A892-67A636A3AE0B}.Release|x86.ActiveCfg = Release|Any CPU
		{AB2A7769-56C5-4E20-94F6-672303E9C7AD}.Debug|Any CPU.ActiveCfg = Debug|x86
		{AB2A7769-56C5-4E20-94F6-672303E9C7AD}.Debug|Mixed Platforms.ActiveCfg = Debug|x86
		{AB2A7769-56C5-4E20-94F6-672303E9C7AD}.Debug|Mixed Platforms.Build.0 = Debug|x86
		{AB2A7769-56C5-4E20-94F6-672303E9C7AD}.Debug|x86.ActiveCfg = Debug|x86
		{AB2A7769-56C5-4E20-94F6-672303E9C7AD}.Debug|x86.Build.0 = Debug|x86
		{AB2A7769-56C5-4E20-94F6-672303E9C7AD}.Release|Any CPU.ActiveCfg = Release|x86
		{AB2A7769-56C5-4E20-94F6-672303E9C7AD}.Release|Mixed Platforms.ActiveCfg = Release|x86
		{AB2A7769-56C5-4E20-94F6-672303E9C7AD}.Release|Mixed Platforms.Build.0 = Release|x86
		{AB2A7769-56C5-4E20-94F6-672303E9C7AD}.Release|x86.ActiveCfg = Release|x86
		{AB2A7769-56C5-4E20-94F6-672303E9C7AD}.Release|x86.Build.0 = Release|x86
		{37F7D461-B25D-40B9-9E08-E5D1762F129F}.Debug|Any CPU.ActiveCfg = Debug|Any CPU
		{37F7D461-B25D-40B9-9E08-E5D1762F129F}.Debug|Any CPU.Build.0 = Debug|Any CPU
		{37F7D461-B25D-40B9-9E08-E5D1762F129F}.Debug|Mixed Platforms.ActiveCfg = Debug|Any CPU
		{37F7D461-B25D-40B9-9E08-E5D1762F129F}.Debug|Mixed Platforms.Build.0 = Debug|Any CPU
		{37F7D461-B25D-40B9-9E08-E5D1762F129F}.Debug|x86.ActiveCfg = Debug|Any CPU
		{37F7D461-B25D-40B9-9E08-E5D1762F129F}.Release|Any CPU.ActiveCfg = Release|Any CPU
		{37F7D461-B25D-40B9-9E08-E5D1762F129F}.Release|Any CPU.Build.0 = Release|Any CPU
		{37F7D461-B25D-40B9-9E08-E5D1762F129F}.Release|Mixed Platforms.ActiveCfg = Release|Any CPU
		{37F7D461-B25D-40B9-9E08-E5D1762F129F}.Release|Mixed Platforms.Build.0 = Release|Any CPU
		{37F7D461-B25D-40B9-9E08-E5D1762F129F}.Release|x86.ActiveCfg = Release|Any CPU
	EndGlobalSection
	GlobalSection(SolutionProperties) = preSolution
		HideSolutionNode = FALSE
	EndGlobalSection
EndGlobal
